{
  "object": {
    "pins": [
      {
        "package": "AnyLanguageModel",
        "repositoryURL": "https://github.com/mattt/AnyLanguageModel",
        "state": {
          "branch": null,
          "revision": "3565c1e97f8bfd830e1a0a0dea7fd8545204cf2b",
          "version": "0.5.2"
        }
      },
      {
        "package": "capacitor-swift-pm",
        "repositoryURL": "https://github.com/ionic-team/capacitor-swift-pm",
        "state": {
          "branch": null,
          "revision": "596259033e94829dffc552a40e7129262122995e",
          "version": "8.0.0"
        }
      },
      {
        "package": "combine-schedulers",
        "repositoryURL": "https://github.com/pointfreeco/combine-schedulers",
        "state": {
          "branch": null,
          "revision": "fd16d76fd8b9a976d88bfb6cacc05ca8d19c91b6",
          "version": "1.1.0"
        }
      },
      {
        "package": "EventSource",
        "repositoryURL": "https://github.com/mattt/EventSource",
        "state": {
          "branch": null,
          "revision": "ca2a9d90cbe49e09b92f4b6ebd922c03ebea51d0",
          "version": "1.3.0"
        }
      },
      {
        "package": "JSONSchema",
        "repositoryURL": "https://github.com/mattt/JSONSchema",
        "state": {
          "branch": null,
          "revision": "4c6f2467d5bc72b062c7a9b7e4cd77a09635ea8b",
          "version": "1.3.1"
        }
      },
      {
        "package": "KeychainAccess",
        "repositoryURL": "https://github.com/kishikawakatsumi/KeychainAccess",
        "state": {
          "branch": "master",
          "revision": "e0c7eebc5a4465a3c4680764f26b7a61f567cdaf",
          "version": null
        }
      },
      {
        "package": "Lottie",
        "repositoryURL": "https://github.com/airbnb/lottie-spm",
        "state": {
          "branch": null,
          "revision": "04f2fd18cc9404a0a0917265a449002674f24ec9",
          "version": "4.5.2"
        }
      },
      {
        "package": "MSAL",
        "repositoryURL": "https://github.com/AzureAD/microsoft-authentication-library-for-objc",
        "state": {
          "branch": null,
          "revision": "09c275ada2236a834b981f6a4d5ecb491b576d6c",
          "version": "2.7.0"
        }
      },
      {
        "package": "IntuneMAM",
        "repositoryURL": "https://github.com/microsoftconnect/ms-intune-app-sdk-ios",
        "state": {
          "branch": null,
          "revision": "3082330a20a67156c95744ce53d62ff6ecde293a",
          "version": "21.2.0"
        }
      },
      {
        "package": "JSONLines",
        "repositoryURL": "https://github.com/mattt/PartialJSONDecoder",
        "state": {
          "branch": null,
          "revision": "e4d389e6bcc6771bb988d1a8a17695d8bfa97172",
          "version": "1.0.0"
        }
      },
      {
        "package": "Prefire",
        "repositoryURL": "https://github.com/BarredEwe/Prefire.git",
        "state": {
          "branch": null,
          "revision": "cbf9207ffd62c6ed80d19d53a7705e1faa65fa81",
          "version": "5.3.0"
        }
      },
      {
        "package": "swift-clocks",
        "repositoryURL": "https://github.com/pointfreeco/swift-clocks",
        "state": {
          "branch": null,
          "revision": "cc46202b53476d64e824e0b6612da09d84ffde8e",
          "version": "1.0.6"
        }
      },
      {
        "package": "swift-collections",
        "repositoryURL": "https://github.com/apple/swift-collections.git",
        "state": {
          "branch": null,
          "revision": "7b847a3b7008b2dc2f47ca3110d8c782fb2e5c7e",
          "version": "1.3.0"
        }
      },
      {
        "package": "swift-concurrency-extras",
        "repositoryURL": "https://github.com/pointfreeco/swift-concurrency-extras",
        "state": {
          "branch": null,
          "revision": "5a3825302b1a0d744183200915a47b508c828e6f",
          "version": "1.3.2"
        }
      },
      {
        "package": "swift-dependencies",
        "repositoryURL": "https://github.com/pointfreeco/swift-dependencies",
        "state": {
          "branch": null,
          "revision": "a10f9feeb214bc72b5337b6ef6d5a029360db4cc",
          "version": "1.10.0"
        }
      },
      {
        "package": "swift-syntax",
        "repositoryURL": "https://github.com/swiftlang/swift-syntax",
        "state": {
          "branch": null,
          "revision": "0687f71944021d616d34d922343dcef086855920",
          "version": "600.0.1"
        }
      },
      {
        "package": "swiftui-introspect",
        "repositoryURL": "https://github.com/siteline/swiftui-introspect",
        "state": {
          "branch": null,
          "revision": "a08b87f96b41055577721a6e397562b21ad52454",
          "version": "26.0.0"
        }
      },
      {
        "package": "xctest-dynamic-overlay",
        "repositoryURL": "https://github.com/pointfreeco/xctest-dynamic-overlay",
        "state": {
          "branch": null,
          "revision": "31073495cae9caf243c440eac94b3ab067e3d7bc",
          "version": "1.8.0"
        }
      }
    ]
  },
  "version": 1
}
